
Microsoft Visual Studio Solution File, Format Version 12.00
# Visual Studio Version 16
VisualStudioVersion = 16.0.30709.132
MinimumVisualStudioVersion = 10.0.40219.1
Project("{FAE04EC0-301F-11D3-BF4B-00C04F79EFBC}") = "TradeReporterService", "TradeReporterService\TradeReporterService.csproj", "{4E1C9567-0F04-4648-8273-E62F1A7FCC7C}"
EndProject
Project("{FAE04EC0-301F-11D3-BF4B-00C04F79EFBC}") = "TradeReporterUnitTests", "TradeAggregatorTest\TradeReporterUnitTests.csproj", "{2607B79B-52BE-4E4C-9062-F7F3245A4225}"
EndProject
Project("{2150E333-8FDC-42A3-9474-1A3956D46DE8}") = "Solution Items", "Solution Items", "{D70E142A-1450-4AEC-9F49-2FBCBCFD7A98}"
	ProjectSection(SolutionItems) = preProject
		ReadMe.txt = ReadMe.txt
	EndProjectSection
EndProject
Global
	GlobalSection(SolutionConfigurationPlatforms) = preSolution
		Debug|Any CPU = Debug|Any CPU
		Release|Any CPU = Release|Any CPU
	EndGlobalSection
	GlobalSection(ProjectConfigurationPlatforms) = postSolution
		{4E1C9567-0F04-4648-8273-E62F1A7FCC7C}.Debug|Any CPU.ActiveCfg = Debug|Any CPU
		{4E1C9567-0F04-4648-8273-E62F1A7FCC7C}.Debug|Any CPU.Build.0 = Debug|Any CPU
		{4E1C9567-0F04-4648-8273-E62F1A7FCC7C}.Release|Any CPU.ActiveCfg = Release|Any CPU
		{4E1C9567-0F04-4648-8273-E62F1A7FCC7C}.Release|Any CPU.Build.0 = Release|Any CPU
		{2607B79B-52BE-4E4C-9062-F7F3245A4225}.Debug|Any CPU.ActiveCfg = Debug|Any CPU
		{2607B79B-52BE-4E4C-9062-F7F3245A4225}.Debug|Any CPU.Build.0 = Debug|Any CPU
		{2607B79B-52BE-4E4C-9062-F7F3245A4225}.Release|Any CPU.ActiveCfg = Release|Any CPU
		{2607B79B-52BE-4E4C-9062-F7F3245A4225}.Release|Any CPU.Build.0 = Release|Any CPU
	EndGlobalSection
	GlobalSection(SolutionProperties) = preSolution
		HideSolutionNode = FALSE
	EndGlobalSection
	GlobalSection(ExtensibilityGlobals) = postSolution
		SolutionGuid = {30290334-819E-4374-8D1E-567F329D7F96}
	EndGlobalSection
EndGlobal
